
Microsoft Visual Studio Solution File, Format Version 12.00
# Visual Studio Version 17
VisualStudioVersion = 17.10.35122.118
MinimumVisualStudioVersion = 10.0.40219.1
Project("{FAE04EC0-301F-11D3-BF4B-00C04F79EFBC}") = "Ejercicio - Pilares POO 2-2", "Ejercicio - Pilares POO 2-2.csproj", "{ACC8739C-6127-436E-BF30-BAF373B48ADA}"
EndProject
Global
	GlobalSection(SolutionConfigurationPlatforms) = preSolution
		Debug|Any CPU = Debug|Any CPU
		Release|Any CPU = Release|Any CPU
	EndGlobalSection
	GlobalSection(ProjectConfigurationPlatforms) = postSolution
		{ACC8739C-6127-436E-BF30-BAF373B48ADA}.Debug|Any CPU.ActiveCfg = Debug|Any CPU
		{ACC8739C-6127-436E-BF30-BAF373B48ADA}.Debug|Any CPU.Build.0 = Debug|Any CPU
		{ACC8739C-6127-436E-BF30-BAF373B48ADA}.Release|Any CPU.ActiveCfg = Release|Any CPU
		{ACC8739C-6127-436E-BF30-BAF373B48ADA}.Release|Any CPU.Build.0 = Release|Any CPU
	EndGlobalSection
	GlobalSection(SolutionProperties) = preSolution
		HideSolutionNode = FALSE
	EndGlobalSection
	GlobalSection(ExtensibilityGlobals) = postSolution
		SolutionGuid = {75FD7C52-4F29-40F8-95CE-F7A194980E83}
	EndGlobalSection
EndGlobal
